
Microsoft Visual Studio Solution File, Format Version 12.00
# Visual Studio Version 16
VisualStudioVersion = 16.0.32228.343
MinimumVisualStudioVersion = 10.0.40219.1
Project("{FAE04EC0-301F-11D3-BF4B-00C04F79EFBC}") = "hw2q1", "hw2q1\hw2q1.csproj", "{B9C0F0CC-A24B-4673-8E79-D49A746085BC}"
EndProject
Global
	GlobalSection(SolutionConfigurationPlatforms) = preSolution
		Debug|Any CPU = Debug|Any CPU
		Release|Any CPU = Release|Any CPU
	EndGlobalSection
	GlobalSection(ProjectConfigurationPlatforms) = postSolution
		{B9C0F0CC-A24B-4673-8E79-D49A746085BC}.Debug|Any CPU.ActiveCfg = Debug|Any CPU
		{B9C0F0CC-A24B-4673-8E79-D49A746085BC}.Debug|Any CPU.Build.0 = Debug|Any CPU
		{B9C0F0CC-A24B-4673-8E79-D49A746085BC}.Release|Any CPU.ActiveCfg = Release|Any CPU
		{B9C0F0CC-A24B-4673-8E79-D49A746085BC}.Release|Any CPU.Build.0 = Release|Any CPU
	EndGlobalSection
	GlobalSection(SolutionProperties) = preSolution
		HideSolutionNode = FALSE
	EndGlobalSection
	GlobalSection(ExtensibilityGlobals) = postSolution
		SolutionGuid = {37D7411A-9D7C-4B58-9E65-BE8FE3D4B3DE}
	EndGlobalSection
EndGlobal
