
Microsoft Visual Studio Solution File, Format Version 12.00
# Visual Studio Version 16
VisualStudioVersion = 16.0.32228.343
MinimumVisualStudioVersion = 10.0.40219.1
Project("{FAE04EC0-301F-11D3-BF4B-00C04F79EFBC}") = "hw2q6", "hw2q6\hw2q6.csproj", "{505E353B-467A-43D2-BAD4-B638808DB0F8}"
EndProject
Global
	GlobalSection(SolutionConfigurationPlatforms) = preSolution
		Debug|Any CPU = Debug|Any CPU
		Release|Any CPU = Release|Any CPU
	EndGlobalSection
	GlobalSection(ProjectConfigurationPlatforms) = postSolution
		{505E353B-467A-43D2-BAD4-B638808DB0F8}.Debug|Any CPU.ActiveCfg = Debug|Any CPU
		{505E353B-467A-43D2-BAD4-B638808DB0F8}.Debug|Any CPU.Build.0 = Debug|Any CPU
		{505E353B-467A-43D2-BAD4-B638808DB0F8}.Release|Any CPU.ActiveCfg = Release|Any CPU
		{505E353B-467A-43D2-BAD4-B638808DB0F8}.Release|Any CPU.Build.0 = Release|Any CPU
	EndGlobalSection
	GlobalSection(SolutionProperties) = preSolution
		HideSolutionNode = FALSE
	EndGlobalSection
	GlobalSection(ExtensibilityGlobals) = postSolution
		SolutionGuid = {44A5FECC-2912-44F0-9C0B-FC46F901D6BE}
	EndGlobalSection
EndGlobal
